
Microsoft Visual Studio Solution File, Format Version 12.00
# Visual Studio Version 16
VisualStudioVersion = 16.0.32002.261
MinimumVisualStudioVersion = 10.0.40219.1
Project("{FAE04EC0-301F-11D3-BF4B-00C04F79EFBC}") = "API_Proc", "API_Proc\API_Proc.csproj", "{6EF5554C-6E2A-4F42-B7C0-2584C981E5C8}"
EndProject
Global
	GlobalSection(SolutionConfigurationPlatforms) = preSolution
		Debug|Any CPU = Debug|Any CPU
		Release|Any CPU = Release|Any CPU
	EndGlobalSection
	GlobalSection(ProjectConfigurationPlatforms) = postSolution
		{6EF5554C-6E2A-4F42-B7C0-2584C981E5C8}.Debug|Any CPU.ActiveCfg = Debug|Any CPU
		{6EF5554C-6E2A-4F42-B7C0-2584C981E5C8}.Debug|Any CPU.Build.0 = Debug|Any CPU
		{6EF5554C-6E2A-4F42-B7C0-2584C981E5C8}.Release|Any CPU.ActiveCfg = Release|Any CPU
		{6EF5554C-6E2A-4F42-B7C0-2584C981E5C8}.Release|Any CPU.Build.0 = Release|Any CPU
	EndGlobalSection
	GlobalSection(SolutionProperties) = preSolution
		HideSolutionNode = FALSE
	EndGlobalSection
	GlobalSection(ExtensibilityGlobals) = postSolution
		SolutionGuid = {DAA6E3E0-F501-4A79-8962-6784B1D675CD}
	EndGlobalSection
EndGlobal
